
Microsoft Visual Studio Solution File, Format Version 12.00
# Visual Studio Version 17
VisualStudioVersion = 17.10.34928.147
MinimumVisualStudioVersion = 10.0.40219.1
Project("{FAE04EC0-301F-11D3-BF4B-00C04F79EFBC}") = "Day17", "Day17\Day17.csproj", "{C5812B58-4EF8-4DC9-AE44-CC2D1935CABA}"
EndProject
Global
	GlobalSection(SolutionConfigurationPlatforms) = preSolution
		Debug|Any CPU = Debug|Any CPU
		Release|Any CPU = Release|Any CPU
	EndGlobalSection
	GlobalSection(ProjectConfigurationPlatforms) = postSolution
		{C5812B58-4EF8-4DC9-AE44-CC2D1935CABA}.Debug|Any CPU.ActiveCfg = Debug|Any CPU
		{C5812B58-4EF8-4DC9-AE44-CC2D1935CABA}.Debug|Any CPU.Build.0 = Debug|Any CPU
		{C5812B58-4EF8-4DC9-AE44-CC2D1935CABA}.Release|Any CPU.ActiveCfg = Release|Any CPU
		{C5812B58-4EF8-4DC9-AE44-CC2D1935CABA}.Release|Any CPU.Build.0 = Release|Any CPU
	EndGlobalSection
	GlobalSection(SolutionProperties) = preSolution
		HideSolutionNode = FALSE
	EndGlobalSection
	GlobalSection(ExtensibilityGlobals) = postSolution
		SolutionGuid = {F709E8FD-9AC9-4C48-9521-A1C4B113CAE2}
	EndGlobalSection
EndGlobal
