
Microsoft Visual Studio Solution File, Format Version 12.00
# Visual Studio Version 17
VisualStudioVersion = 17.10.34928.147
MinimumVisualStudioVersion = 10.0.40219.1
Project("{FAE04EC0-301F-11D3-BF4B-00C04F79EFBC}") = "Day5", "Day5\Day5.csproj", "{A7A63B5B-3284-4682-802E-6720BACE3BDD}"
EndProject
Global
	GlobalSection(SolutionConfigurationPlatforms) = preSolution
		Debug|Any CPU = Debug|Any CPU
		Release|Any CPU = Release|Any CPU
	EndGlobalSection
	GlobalSection(ProjectConfigurationPlatforms) = postSolution
		{A7A63B5B-3284-4682-802E-6720BACE3BDD}.Debug|Any CPU.ActiveCfg = Debug|Any CPU
		{A7A63B5B-3284-4682-802E-6720BACE3BDD}.Debug|Any CPU.Build.0 = Debug|Any CPU
		{A7A63B5B-3284-4682-802E-6720BACE3BDD}.Release|Any CPU.ActiveCfg = Release|Any CPU
		{A7A63B5B-3284-4682-802E-6720BACE3BDD}.Release|Any CPU.Build.0 = Release|Any CPU
	EndGlobalSection
	GlobalSection(SolutionProperties) = preSolution
		HideSolutionNode = FALSE
	EndGlobalSection
	GlobalSection(ExtensibilityGlobals) = postSolution
		SolutionGuid = {A26F90FA-C081-4576-A2BB-03C0852158D2}
	EndGlobalSection
EndGlobal
